// !$*UTF8*$!
{
	archiveVersion = 1;
	classes = {
	};
	objectVersion = 50;
	objects = {

/* Begin PBXBuildFile section */
		3DB11BF92174716E0028F642 /* AppDelegate.m in Sources */ = {isa = PBXBuildFile; fileRef = 3DB11BF82174716E0028F642 /* AppDelegate.m */; };
		3DB11BFC2174716E0028F642 /* ViewController.m in Sources */ = {isa = PBXBuildFile; fileRef = 3DB11BFB2174716E0028F642 /* ViewController.m */; };
		3DB11BFF2174716E0028F642 /* Main.storyboard in Resources */ = {isa = PBXBuildFile; fileRef = 3DB11BFD2174716E0028F642 /* Main.storyboard */; };
		3DB11C01217471730028F642 /* Assets.xcassets in Resources */ = {isa = PBXBuildFile; fileRef = 3DB11C00217471730028F642 /* Assets.xcassets */; };
		3DB11C04217471730028F642 /* LaunchScreen.storyboard in Resources */ = {isa = PBXBuildFile; fileRef = 3DB11C02217471730028F642 /* LaunchScreen.storyboard */; };
		3DB11C07217471730028F642 /* main.m in Sources */ = {isa = PBXBuildFile; fileRef = 3DB11C06217471730028F642 /* main.m */; };
		3DB11C11217471730028F642 /* ZYRectNativeDemoTests.m in Sources */ = {isa = PBXBuildFile; fileRef = 3DB11C10217471730028F642 /* ZYRectNativeDemoTests.m */; };
		3DB11C1C217471730028F642 /* ZYRectNativeDemoUITests.m in Sources */ = {isa = PBXBuildFile; fileRef = 3DB11C1B217471730028F642 /* ZYRectNativeDemoUITests.m */; };
/* End PBXBuildFile section */

/* Begin PBXContainerItemProxy section */
		3DB11C0D217471730028F642 /* PBXContainerItemProxy */ = {
			isa = PBXContainerItemProxy;
			containerPortal = 3DB11BEC2174716E0028F642 /* Project object */;
			proxyType = 1;
			remoteGlobalIDString = 3DB11BF32174716E0028F642;
			remoteInfo = ZYRectNativeDemo;
		};
		3DB11C18217471730028F642 /* PBXContainerItemProxy */ = {
			isa = PBXContainerItemProxy;
			containerPortal = 3DB11BEC2174716E0028F642 /* Project object */;
			proxyType = 1;
			remoteGlobalIDString = 3DB11BF32174716E0028F642;
			remoteInfo = ZYRectNativeDemo;
		};
/* End PBXContainerItemProxy section */

/* Begin PBXFileReference section */
		3DB11BF42174716E0028F642 /* ZYRectNativeDemo.app */ = {isa = PBXFileReference; explicitFileType = wrapper.application; includeInIndex = 0; path = ZYRectNativeDemo.app; sourceTree = BUILT_PRODUCTS_DIR; };
		3DB11BF72174716E0028F642 /* AppDelegate.h */ = {isa = PBXFileReference; lastKnownFileType = sourcecode.c.h; path = AppDelegate.h; sourceTree = "<group>"; };
		3DB11BF82174716E0028F642 /* AppDelegate.m */ = {isa = PBXFileReference; lastKnownFileType = sourcecode.c.objc; path = AppDelegate.m; sourceTree = "<group>"; };
		3DB11BFA2174716E0028F642 /* ViewController.h */ = {isa = PBXFileReference; lastKnownFileType = sourcecode.c.h; path = ViewController.h; sourceTree = "<group>"; };
		3DB11BFB2174716E0028F642 /* ViewController.m */ = {isa = PBXFileReference; lastKnownFileType = sourcecode.c.objc; path = ViewController.m; sourceTree = "<group>"; };
		3DB11BFE2174716E0028F642 /* Base */ = {isa = PBXFileReference; lastKnownFileType = file.storyboard; name = Base; path = Base.lproj/Main.storyboard; sourceTree = "<group>"; };
		3DB11C00217471730028F642 /* Assets.xcassets */ = {isa = PBXFileReference; lastKnownFileType = folder.assetcatalog; path = Assets.xcassets; sourceTree = "<group>"; };
		3DB11C03217471730028F642 /* Base */ = {isa = PBXFileReference; lastKnownFileType = file.storyboard; name = Base; path = Base.lproj/LaunchScreen.storyboard; sourceTree = "<group>"; };
		3DB11C05217471730028F642 /* Info.plist */ = {isa = PBXFileReference; lastKnownFileType = text.plist.xml; path = Info.plist; sourceTree = "<group>"; };
		3DB11C06217471730028F642 /* main.m */ = {isa = PBXFileReference; lastKnownFileType = sourcecode.c.objc; path = main.m; sourceTree = "<group>"; };
		3DB11C0C217471730028F642 /* ZYRectNativeDemoTests.xctest */ = {isa = PBXFileReference; explicitFileType = wrapper.cfbundle; includeInIndex = 0; path = ZYRectNativeDemoTests.xctest; sourceTree = BUILT_PRODUCTS_DIR; };
		3DB11C10217471730028F642 /* ZYRectNativeDemoTests.m */ = {isa = PBXFileReference; lastKnownFileType = sourcecode.c.objc; path = ZYRectNativeDemoTests.m; sourceTree = "<group>"; };
		3DB11C12217471730028F642 /* Info.plist */ = {isa = PBXFileReference; lastKnownFileType = text.plist.xml; path = Info.plist; sourceTree = "<group>"; };
		3DB11C17217471730028F642 /* ZYRectNativeDemoUITests.xctest */ = {isa = PBXFileReference; explicitFileType = wrapper.cfbundle; includeInIndex = 0; path = ZYRectNativeDemoUITests.xctest; sourceTree = BUILT_PRODUCTS_DIR; };
		3DB11C1B217471730028F642 /* ZYRectNativeDemoUITests.m */ = {isa = PBXFileReference; lastKnownFileType = sourcecode.c.objc; path = ZYRectNativeDemoUITests.m; sourceTree = "<group>"; };
		3DB11C1D217471730028F642 /* Info.plist */ = {isa = PBXFileReference; lastKnownFileType = text.plist.xml; path = Info.plist; sourceTree = "<group>"; };
/* End PBXFileReference section */

/* Begin PBXFrameworksBuildPhase section */
		3DB11BF12174716E0028F642 /* Frameworks */ = {
			isa = PBXFrameworksBuildPhase;
			buildActionMask = 2147483647;
			files = (
			);
			runOnlyForDeploymentPostprocessing = 0;
		};
		3DB11C09217471730028F642 /* Frameworks */ = {
			isa = PBXFrameworksBuildPhase;
			buildActionMask = 2147483647;
			files = (
			);
			runOnlyForDeploymentPostprocessing = 0;
		};
		3DB11C14217471730028F642 /* Frameworks */ = {
			isa = PBXFrameworksBuildPhase;
			buildActionMask = 2147483647;
			files = (
			);
			runOnlyForDeploymentPostprocessing = 0;
		};
/* End PBXFrameworksBuildPhase section */

/* Begin PBXGroup section */
		3DB11BEB2174716E0028F642 = {
			isa = PBXGroup;
			children = (
				3DB11BF62174716E0028F642 /* ZYRectNativeDemo */,
				3DB11C0F217471730028F642 /* ZYRectNativeDemoTests */,
				3DB11C1A217471730028F642 /* ZYRectNativeDemoUITests */,
				3DB11BF52174716E0028F642 /* Products */,
			);
			sourceTree = "<group>";
		};
		3DB11BF52174716E0028F642 /* Products */ = {
			isa = PBXGroup;
			children = (
				3DB11BF42174716E0028F642 /* ZYRectNativeDemo.app */,
				3DB11C0C217471730028F642 /* ZYRectNativeDemoTests.xctest */,
				3DB11C17217471730028F642 /* ZYRectNativeDemoUITests.xctest */,
			);
			name = Products;
			sourceTree = "<group>";
		};
		3DB11BF62174716E0028F642 /* ZYRectNativeDemo */ = {
			isa = PBXGroup;
			children = (
				3DB11BF72174716E0028F642 /* AppDelegate.h */,
				3DB11BF82174716E0028F642 /* AppDelegate.m */,
				3DB11BFA2174716E0028F642 /* ViewController.h */,
				3DB11BFB2174716E0028F642 /* ViewController.m */,
				3DB11BFD2174716E0028F642 /* Main.storyboard */,
				3DB11C00217471730028F642 /* Assets.xcassets */,
				3DB11C02217471730028F642 /* LaunchScreen.storyboard */,
				3DB11C05217471730028F642 /* Info.plist */,
				3DB11C06217471730028F642 /* main.m */,
			);
			path = ZYRectNativeDemo;
			sourceTree = "<group>";
		};
		3DB11C0F217471730028F642 /* ZYRectNativeDemoTests */ = {
			isa = PBXGroup;
			children = (
				3DB11C10217471730028F642 /* ZYRectNativeDemoTests.m */,
				3DB11C12217471730028F642 /* Info.plist */,
			);
			path = ZYRectNativeDemoTests;
			sourceTree = "<group>";
		};
		3DB11C1A217471730028F642 /* ZYRectNativeDemoUITests */ = {
			isa = PBXGroup;
			children = (
				3DB11C1B217471730028F642 /* ZYRectNativeDemoUITests.m */,
				3DB11C1D217471730028F642 /* Info.plist */,
			);
			path = ZYRectNativeDemoUITests;
			sourceTree = "<group>";
		};
/* End PBXGroup section */

/* Begin PBXNativeTarget section */
		3DB11BF32174716E0028F642 /* ZYRectNativeDemo */ = {
			isa = PBXNativeTarget;
			buildConfigurationList = 3DB11C20217471730028F642 /* Build configuration list for PBXNativeTarget "ZYRectNativeDemo" */;
			buildPhases = (
				3DB11BF02174716E0028F642 /* Sources */,
				3DB11BF12174716E0028F642 /* Frameworks */,
				3DB11BF22174716E0028F642 /* Resources */,
			);
			buildRules = (
			);
			dependencies = (
			);
			name = ZYRectNativeDemo;
			productName = ZYRectNativeDemo;
			productReference = 3DB11BF42174716E0028F642 /* ZYRectNativeDemo.app */;
			productType = "com.apple.product-type.application";
		};
		3DB11C0B217471730028F642 /* ZYRectNativeDemoTests */ = {
			isa = PBXNativeTarget;
			buildConfigurationList = 3DB11C23217471730028F642 /* Build configuration list for PBXNativeTarget "ZYRectNativeDemoTests" */;
			buildPhases = (
				3DB11C08217471730028F642 /* Sources */,
				3DB11C09217471730028F642 /* Frameworks */,
				3DB11C0A217471730028F642 /* Resources */,
			);
			buildRules = (
			);
			dependencies = (
				3DB11C0E217471730028F642 /* PBXTargetDependency */,
			);
			name = ZYRectNativeDemoTests;
			productName = ZYRectNativeDemoTests;
			productReference = 3DB11C0C217471730028F642 /* ZYRectNativeDemoTests.xctest */;
			productType = "com.apple.product-type.bundle.unit-test";
		};
		3DB11C16217471730028F642 /* ZYRectNativeDemoUITests */ = {
			isa = PBXNativeTarget;
			buildConfigurationList = 3DB11C26217471730028F642 /* Build configuration list for PBXNativeTarget "ZYRectNativeDemoUITests" */;
			buildPhases = (
				3DB11C13217471730028F642 /* Sources */,
				3DB11C14217471730028F642 /* Frameworks */,
				3DB11C15217471730028F642 /* Resources */,
			);
			buildRules = (
			);
			dependencies = (
				3DB11C19217471730028F642 /* PBXTargetDependency */,
			);
			name = ZYRectNativeDemoUITests;
			productName = ZYRectNativeDemoUITests;
			productReference = 3DB11C17217471730028F642 /* ZYRectNativeDemoUITests.xctest */;
			productType = "com.apple.product-type.bundle.ui-testing";
		};
/* End PBXNativeTarget section */

/* Begin PBXProject section */
		3DB11BEC2174716E0028F642 /* Project object */ = {
			isa = PBXProject;
			attributes = {
				LastUpgradeCheck = 0940;
				ORGANIZATIONNAME = "郑奕";
				TargetAttributes = {
					3DB11BF32174716E0028F642 = {
						CreatedOnToolsVersion = 9.4.1;
					};
					3DB11C0B217471730028F642 = {
						CreatedOnToolsVersion = 9.4.1;
						TestTargetID = 3DB11BF32174716E0028F642;
					};
					3DB11C16217471730028F642 = {
						CreatedOnToolsVersion = 9.4.1;
						TestTargetID = 3DB11BF32174716E0028F642;
					};
				};
			};
			buildConfigurationList = 3DB11BEF2174716E0028F642 /* Build configuration list for PBXProject "ZYRectNativeDemo" */;
			compatibilityVersion = "Xcode 9.3";
			developmentRegion = en;
			hasScannedForEncodings = 0;
			knownRegions = (
				en,
				Base,
			);
			mainGroup = 3DB11BEB2174716E0028F642;
			productRefGroup = 3DB11BF52174716E0028F642 /* Products */;
			projectDirPath = "";
			projectRoot = "";
			targets = (
				3DB11BF32174716E0028F642 /* ZYRectNativeDemo */,
				3DB11C0B217471730028F642 /* ZYRectNativeDemoTests */,
				3DB11C16217471730028F642 /* ZYRectNativeDemoUITests */,
			);
		};
/* End PBXProject section */

/* Begin PBXResourcesBuildPhase section */
		3DB11BF22174716E0028F642 /* Resources */ = {
			isa = PBXResourcesBuildPhase;
			buildActionMask = 2147483647;
			files = (
				3DB11C04217471730028F642 /* LaunchScreen.storyboard in Resources */,
				3DB11C01217471730028F642 /* Assets.xcassets in Resources */,
				3DB11BFF2174716E0028F642 /* Main.storyboard in Resources */,
			);
			runOnlyForDeploymentPostprocessing = 0;
		};
		3DB11C0A217471730028F642 /* Resources */ = {
			isa = PBXResourcesBuildPhase;
			buildActionMask = 2147483647;
			files = (
			);
			runOnlyForDeploymentPostprocessing = 0;
		};
		3DB11C15217471730028F642 /* Resources */ = {
			isa = PBXResourcesBuildPhase;
			buildActionMask = 2147483647;
			files = (
			);
			runOnlyForDeploymentPostprocessing = 0;
		};
/* End PBXResourcesBuildPhase section */

/* Begin PBXSourcesBuildPhase section */
		3DB11BF02174716E0028F642 /* Sources */ = {
			isa = PBXSourcesBuildPhase;
			buildActionMask = 2147483647;
			files = (
				3DB11BFC2174716E0028F642 /* ViewController.m in Sources */,
				3DB11C07217471730028F642 /* main.m in Sources */,
				3DB11BF92174716E0028F642 /* AppDelegate.m in Sources */,
			);
			runOnlyForDeploymentPostprocessing = 0;
		};
		3DB11C08217471730028F642 /* Sources */ = {
			isa = PBXSourcesBuildPhase;
			buildActionMask = 2147483647;
			files = (
				3DB11C11217471730028F642 /* ZYRectNativeDemoTests.m in Sources */,
			);
			runOnlyForDeploymentPostprocessing = 0;
		};
		3DB11C13217471730028F642 /* Sources */ = {
			isa = PBXSourcesBuildPhase;
			buildActionMask = 2147483647;
			files = (
				3DB11C1C217471730028F642 /* ZYRectNativeDemoUITests.m in Sources */,
			);
			runOnlyForDeploymentPostprocessing = 0;
		};
/* End PBXSourcesBuildPhase section */

/* Begin PBXTargetDependency section */
		3DB11C0E217471730028F642 /* PBXTargetDependency */ = {
			isa = PBXTargetDependency;
			target = 3DB11BF32174716E0028F642 /* ZYRectNativeDemo */;
			targetProxy = 3DB11C0D217471730028F642 /* PBXContainerItemProxy */;
		};
		3DB11C19217471730028F642 /* PBXTargetDependency */ = {
			isa = PBXTargetDependency;
			target = 3DB11BF32174716E0028F642 /* ZYRectNativeDemo */;
			targetProxy = 3DB11C18217471730028F642 /* PBXContainerItemProxy */;
		};
/* End PBXTargetDependency section */

/* Begin PBXVariantGroup section */
		3DB11BFD2174716E0028F642 /* Main.storyboard */ = {
			isa = PBXVariantGroup;
			children = (
				3DB11BFE2174716E0028F642 /* Base */,
			);
			name = Main.storyboard;
			sourceTree = "<group>";
		};
		3DB11C02217471730028F642 /* LaunchScreen.storyboard */ = {
			isa = PBXVariantGroup;
			children = (
				3DB11C03217471730028F642 /* Base */,
			);
			name = LaunchScreen.storyboard;
			sourceTree = "<group>";
		};
/* End PBXVariantGroup section */

/* Begin XCBuildConfiguration section */
		3DB11C1E217471730028F642 /* Debug */ = {
			isa = XCBuildConfiguration;
			buildSettings = {
				ALWAYS_SEARCH_USER_PATHS = NO;
				CLANG_ANALYZER_NONNULL = YES;
				CLANG_ANALYZER_NUMBER_OBJECT_CONVERSION = YES_AGGRESSIVE;
				CLANG_CXX_LANGUAGE_STANDARD = "gnu++14";
				CLANG_CXX_LIBRARY = "libc++";
				CLANG_ENABLE_MODULES = YES;
				CLANG_ENABLE_OBJC_ARC = YES;
				CLANG_ENABLE_OBJC_WEAK = YES;
				CLANG_WARN_BLOCK_CAPTURE_AUTORELEASING = YES;
				CLANG_WARN_BOOL_CONVERSION = YES;
				CLANG_WARN_COMMA = YES;
				CLANG_WARN_CONSTANT_CONVERSION = YES;
				CLANG_WARN_DEPRECATED_OBJC_IMPLEMENTATIONS = YES;
				CLANG_WARN_DIRECT_OBJC_ISA_USAGE = YES_ERROR;
				CLANG_WARN_DOCUMENTATION_COMMENTS = YES;
				CLANG_WARN_EMPTY_BODY = YES;
				CLANG_WARN_ENUM_CONVERSION = YES;
				CLANG_WARN_INFINITE_RECURSION = YES;
				CLANG_WARN_INT_CONVERSION = YES;
				CLANG_WARN_NON_LITERAL_NULL_CONVERSION = YES;
				CLANG_WARN_OBJC_IMPLICIT_RETAIN_SELF = YES;
				CLANG_WARN_OBJC_LITERAL_CONVERSION = YES;
				CLANG_WARN_OBJC_ROOT_CLASS = YES_ERROR;
				CLANG_WARN_RANGE_LOOP_ANALYSIS = YES;
				CLANG_WARN_STRICT_PROTOTYPES = YES;
				CLANG_WARN_SUSPICIOUS_MOVE = YES;
				CLANG_WARN_UNGUARDED_AVAILABILITY = YES_AGGRESSIVE;
				CLANG_WARN_UNREACHABLE_CODE = YES;
				CLANG_WARN__DUPLICATE_METHOD_MATCH = YES;
				CODE_SIGN_IDENTITY = "iPhone Developer";
				COPY_PHASE_STRIP = NO;
				DEBUG_INFORMATION_FORMAT = dwarf;
				ENABLE_STRICT_OBJC_MSGSEND = YES;
				ENABLE_TESTABILITY = YES;
				GCC_C_LANGUAGE_STANDARD = gnu11;
				GCC_DYNAMIC_NO_PIC = NO;
				GCC_NO_COMMON_BLOCKS = YES;
				GCC_OPTIMIZATION_LEVEL = 0;
				GCC_PREPROCESSOR_DEFINITIONS = (
					"DEBUG=1",
					"$(inherited)",
				);
				GCC_WARN_64_TO_32_BIT_CONVERSION = YES;
				GCC_WARN_ABOUT_RETURN_TYPE = YES_ERROR;
				GCC_WARN_UNDECLARED_SELECTOR = YES;
				GCC_WARN_UNINITIALIZED_AUTOS = YES_AGGRESSIVE;
				GCC_WARN_UNUSED_FUNCTION = YES;
				GCC_WARN_UNUSED_VARIABLE = YES;
				IPHONEOS_DEPLOYMENT_TARGET = 11.4;
				MTL_ENABLE_DEBUG_INFO = YES;
				ONLY_ACTIVE_ARCH = YES;
				SDKROOT = iphoneos;
			};
			name = Debug;
		};
		3DB11C1F217471730028F642 /* Release */ = {
			isa = XCBuildConfiguration;
			buildSettings = {
				ALWAYS_SEARCH_USER_PATHS = NO;
				CLANG_ANALYZER_NONNULL = YES;
				CLANG_ANALYZER_NUMBER_OBJECT_CONVERSION = YES_AGGRESSIVE;
				CLANG_CXX_LANGUAGE_STANDARD = "gnu++14";
				CLANG_CXX_LIBRARY = "libc++";
				CLANG_ENABLE_MODULES = YES;
				CLANG_ENABLE_OBJC_ARC = YES;
				CLANG_ENABLE_OBJC_WEAK = YES;
				CLANG_WARN_BLOCK_CAPTURE_AUTORELEASING = YES;
				CLANG_WARN_BOOL_CONVERSION = YES;
				CLANG_WARN_COMMA = YES;
				CLANG_WARN_CONSTANT_CONVERSION = YES;
				CLANG_WARN_DEPRECATED_OBJC_IMPLEMENTATIONS = YES;
				CLANG_WARN_DIRECT_OBJC_ISA_USAGE = YES_ERROR;
				CLANG_WARN_DOCUMENTATION_COMMENTS = YES;
				CLANG_WARN_EMPTY_BODY = YES;
				CLANG_WARN_ENUM_CONVERSION = YES;
				CLANG_WARN_INFINITE_RECURSION = YES;
				CLANG_WARN_INT_CONVERSION = YES;
				CLANG_WARN_NON_LITERAL_NULL_CONVERSION = YES;
				CLANG_WARN_OBJC_IMPLICIT_RETAIN_SELF = YES;
				CLANG_WARN_OBJC_LITERAL_CONVERSION = YES;
				CLANG_WARN_OBJC_ROOT_CLASS = YES_ERROR;
				CLANG_WARN_RANGE_LOOP_ANALYSIS = YES;
				CLANG_WARN_STRICT_PROTOTYPES = YES;
				CLANG_WARN_SUSPICIOUS_MOVE = YES;
				CLANG_WARN_UNGUARDED_AVAILABILITY = YES_AGGRESSIVE;
				CLANG_WARN_UNREACHABLE_CODE = YES;
				CLANG_WARN__DUPLICATE_METHOD_MATCH = YES;
				CODE_SIGN_IDENTITY = "iPhone Developer";
				COPY_PHASE_STRIP = NO;
				DEBUG_INFORMATION_FORMAT = "dwarf-with-dsym";
				ENABLE_NS_ASSERTIONS = NO;
				ENABLE_STRICT_OBJC_MSGSEND = YES;
				GCC_C_LANGUAGE_STANDARD = gnu11;
				GCC_NO_COMMON_BLOCKS = YES;
				GCC_WARN_64_TO_32_BIT_CONVERSION = YES;
				GCC_WARN_ABOUT_RETURN_TYPE = YES_ERROR;
				GCC_WARN_UNDECLARED_SELECTOR = YES;
				GCC_WARN_UNINITIALIZED_AUTOS = YES_AGGRESSIVE;
				GCC_WARN_UNUSED_FUNCTION = YES;
				GCC_WARN_UNUSED_VARIABLE = YES;
				IPHONEOS_DEPLOYMENT_TARGET = 11.4;
				MTL_ENABLE_DEBUG_INFO = NO;
				SDKROOT = iphoneos;
				VALIDATE_PRODUCT = YES;
			};
			name = Release;
		};
		3DB11C21217471730028F642 /* Debug */ = {
			isa = XCBuildConfiguration;
			buildSettings = {
				ASSETCATALOG_COMPILER_APPICON_NAME = AppIcon;
				CODE_SIGN_STYLE = Automatic;
				DEVELOPMENT_TEAM = 5ZAVR4N88T;
				INFOPLIST_FILE = ZYRectNativeDemo/Info.plist;
				LD_RUNPATH_SEARCH_PATHS = (
					"$(inherited)",
					"@executable_path/Frameworks",
				);
				PRODUCT_BUNDLE_IDENTIFIER = com.zy.vicki753.com.ZYRectNativeDemo;
				PRODUCT_NAME = "$(TARGET_NAME)";
				TARGETED_DEVICE_FAMILY = "1,2";
			};
			name = Debug;
		};
		3DB11C22217471730028F642 /* Release */ = {
			isa = XCBuildConfiguration;
			buildSettings = {
				ASSETCATALOG_COMPILER_APPICON_NAME = AppIcon;
				CODE_SIGN_STYLE = Automatic;
				DEVELOPMENT_TEAM = 5ZAVR4N88T;
				INFOPLIST_FILE = ZYRectNativeDemo/Info.plist;
				LD_RUNPATH_SEARCH_PATHS = (
					"$(inherited)",
					"@executable_path/Frameworks",
				);
				PRODUCT_BUNDLE_IDENTIFIER = com.zy.vicki753.com.ZYRectNativeDemo;
				PRODUCT_NAME = "$(TARGET_NAME)";
				TARGETED_DEVICE_FAMILY = "1,2";
			};
			name = Release;
		};
		3DB11C24217471730028F642 /* Debug */ = {
			isa = XCBuildConfiguration;
			buildSettings = {
				BUNDLE_LOADER = "$(TEST_HOST)";
				CODE_SIGN_STYLE = Automatic;
				DEVELOPMENT_TEAM = 5ZAVR4N88T;
				INFOPLIST_FILE = ZYRectNativeDemoTests/Info.plist;
				LD_RUNPATH_SEARCH_PATHS = (
					"$(inherited)",
					"@executable_path/Frameworks",
					"@loader_path/Frameworks",
				);
				PRODUCT_BUNDLE_IDENTIFIER = com.zy.vicki753.com.ZYRectNativeDemoTests;
				PRODUCT_NAME = "$(TARGET_NAME)";
				TARGETED_DEVICE_FAMILY = "1,2";
				TEST_HOST = "$(BUILT_PRODUCTS_DIR)/ZYRectNativeDemo.app/ZYRectNativeDemo";
			};
			name = Debug;
		};
		3DB11C25217471730028F642 /* Release */ = {
			isa = XCBuildConfiguration;
			buildSettings = {
				BUNDLE_LOADER = "$(TEST_HOST)";
				CODE_SIGN_STYLE = Automatic;
				DEVELOPMENT_TEAM = 5ZAVR4N88T;
				INFOPLIST_FILE = ZYRectNativeDemoTests/Info.plist;
				LD_RUNPATH_SEARCH_PATHS = (
					"$(inherited)",
					"@executable_path/Frameworks",
					"@loader_path/Frameworks",
				);
				PRODUCT_BUNDLE_IDENTIFIER = com.zy.vicki753.com.ZYRectNativeDemoTests;
				PRODUCT_NAME = "$(TARGET_NAME)";
				TARGETED_DEVICE_FAMILY = "1,2";
				TEST_HOST = "$(BUILT_PRODUCTS_DIR)/ZYRectNativeDemo.app/ZYRectNativeDemo";
			};
			name = Release;
		};
		3DB11C27217471730028F642 /* Debug */ = {
			isa = XCBuildConfiguration;
			buildSettings = {
				CODE_SIGN_STYLE = Automatic;
				DEVELOPMENT_TEAM = 5ZAVR4N88T;
				INFOPLIST_FILE = ZYRectNativeDemoUITests/Info.plist;
				LD_RUNPATH_SEARCH_PATHS = (
					"$(inherited)",
					"@executable_path/Frameworks",
					"@loader_path/Frameworks",
				);
				PRODUCT_BUNDLE_IDENTIFIER = com.zy.vicki753.com.ZYRectNativeDemoUITests;
				PRODUCT_NAME = "$(TARGET_NAME)";
				TARGETED_DEVICE_FAMILY = "1,2";
				TEST_TARGET_NAME = ZYRectNativeDemo;
			};
			name = Debug;
		};
		3DB11C28217471730028F642 /* Release */ = {
			isa = XCBuildConfiguration;
			buildSettings = {
				CODE_SIGN_STYLE = Automatic;
				DEVELOPMENT_TEAM = 5ZAVR4N88T;
				INFOPLIST_FILE = ZYRectNativeDemoUITests/Info.plist;
				LD_RUNPATH_SEARCH_PATHS = (
					"$(inherited)",
					"@executable_path/Frameworks",
					"@loader_path/Frameworks",
				);
				PRODUCT_BUNDLE_IDENTIFIER = com.zy.vicki753.com.ZYRectNativeDemoUITests;
				PRODUCT_NAME = "$(TARGET_NAME)";
				TARGETED_DEVICE_FAMILY = "1,2";
				TEST_TARGET_NAME = ZYRectNativeDemo;
			};
			name = Release;
		};
/* End XCBuildConfiguration section */

/* Begin XCConfigurationList section */
		3DB11BEF2174716E0028F642 /* Build configuration list for PBXProject "ZYRectNativeDemo" */ = {
			isa = XCConfigurationList;
			buildConfigurations = (
				3DB11C1E217471730028F642 /* Debug */,
				3DB11C1F217471730028F642 /* Release */,
			);
			defaultConfigurationIsVisible = 0;
			defaultConfigurationName = Release;
		};
		3DB11C20217471730028F642 /* Build configuration list for PBXNativeTarget "ZYRectNativeDemo" */ = {
			isa = XCConfigurationList;
			buildConfigurations = (
				3DB11C21217471730028F642 /* Debug */,
				3DB11C22217471730028F642 /* Release */,
			);
			defaultConfigurationIsVisible = 0;
			defaultConfigurationName = Release;
		};
		3DB11C23217471730028F642 /* Build configuration list for PBXNativeTarget "ZYRectNativeDemoTests" */ = {
			isa = XCConfigurationList;
			buildConfigurations = (
				3DB11C24217471730028F642 /* Debug */,
				3DB11C25217471730028F642 /* Release */,
			);
			defaultConfigurationIsVisible = 0;
			defaultConfigurationName = Release;
		};
		3DB11C26217471730028F642 /* Build configuration list for PBXNativeTarget "ZYRectNativeDemoUITests" */ = {
			isa = XCConfigurationList;
			buildConfigurations = (
				3DB11C27217471730028F642 /* Debug */,
				3DB11C28217471730028F642 /* Release */,
			);
			defaultConfigurationIsVisible = 0;
			defaultConfigurationName = Release;
		};
/* End XCConfigurationList section */
	};
	rootObject = 3DB11BEC2174716E0028F642 /* Project object */;
}
